
Microsoft Visual Studio Solution File, Format Version 12.00
# Visual Studio Version 17
VisualStudioVersion = 17.9.34622.214
MinimumVisualStudioVersion = 10.0.40219.1
Project("{E53339B2-1760-4266-BCC7-CA923CBCF16C}") = "docker-compose", "docker-compose.dcproj", "{2894ABA5-D37C-49B8-A609-8A66F28F374B}"
EndProject
Project("{2150E333-8FDC-42A3-9474-1A3956D46DE8}") = "CoreApi", "CoreApi", "{FAB60D21-DF4D-4ADE-92A2-77DC0913E341}"
EndProject
Project("{9A19103F-16F7-4668-BE54-9A1E7A4F7556}") = "Helpers", "Helpers\Helpers.csproj", "{64A8EC13-3370-48F5-B392-8192FB27169F}"
EndProject
Project("{2150E333-8FDC-42A3-9474-1A3956D46DE8}") = "BackgroundJobs", "BackgroundJobs", "{63F8898D-3D5E-4C62-8386-0F1DE318D48E}"
EndProject
Project("{9A19103F-16F7-4668-BE54-9A1E7A4F7556}") = "Abstractions", "Abstractions\Abstractions.csproj", "{DC4B9491-087C-4F1F-996F-17D079C372E2}"
EndProject
Project("{9A19103F-16F7-4668-BE54-9A1E7A4F7556}") = "TRS.Tests", "CoreApi\TRS.Tests\TRS.Tests.csproj", "{3ED9ED96-1F9C-49F4-BF6C-0BE1A688DB80}"
EndProject
Project("{9A19103F-16F7-4668-BE54-9A1E7A4F7556}") = "BackgroundJobs.Api", "BackgroundJobs\BackgroundJobs.Api\BackgroundJobs.Api.csproj", "{43DCCDCB-822C-4478-9A71-2C26432A7D69}"
EndProject
Project("{9A19103F-16F7-4668-BE54-9A1E7A4F7556}") = "TRS.Api", "CoreApi\TRS.Api\TRS.Api.csproj", "{5742BB82-41CC-4F2D-8B35-C03CBA6F7511}"
EndProject
Project("{9A19103F-16F7-4668-BE54-9A1E7A4F7556}") = "TRS.CoreApi", "CoreApi\TRS.CoreApi\TRS.CoreApi.csproj", "{45BC426A-F315-42D6-9178-066C818A8124}"
EndProject
Project("{9A19103F-16F7-4668-BE54-9A1E7A4F7556}") = "BackgroundJobs.Core", "BackgroundJobs\BackgroundJobs.Core\BackgroundJobs.Core.csproj", "{172DF45A-95A9-47C7-832E-0B07C9E7A61C}"
EndProject
Project("{FAE04EC0-301F-11D3-BF4B-00C04F79EFBC}") = "EntityFrameworkCore", "EntityFrameworkCore\EntityFrameworkCore.csproj", "{0CED075B-6E97-4E0A-A708-C8B1AA820147}"
EndProject
Global
	GlobalSection(SolutionConfigurationPlatforms) = preSolution
		Debug|Any CPU = Debug|Any CPU
		Release|Any CPU = Release|Any CPU
	EndGlobalSection
	GlobalSection(ProjectConfigurationPlatforms) = postSolution
		{2894ABA5-D37C-49B8-A609-8A66F28F374B}.Debug|Any CPU.ActiveCfg = Debug|Any CPU
		{2894ABA5-D37C-49B8-A609-8A66F28F374B}.Debug|Any CPU.Build.0 = Debug|Any CPU
		{2894ABA5-D37C-49B8-A609-8A66F28F374B}.Release|Any CPU.ActiveCfg = Release|Any CPU
		{2894ABA5-D37C-49B8-A609-8A66F28F374B}.Release|Any CPU.Build.0 = Release|Any CPU
		{64A8EC13-3370-48F5-B392-8192FB27169F}.Debug|Any CPU.ActiveCfg = Debug|Any CPU
		{64A8EC13-3370-48F5-B392-8192FB27169F}.Debug|Any CPU.Build.0 = Debug|Any CPU
		{64A8EC13-3370-48F5-B392-8192FB27169F}.Release|Any CPU.ActiveCfg = Release|Any CPU
		{64A8EC13-3370-48F5-B392-8192FB27169F}.Release|Any CPU.Build.0 = Release|Any CPU
		{DC4B9491-087C-4F1F-996F-17D079C372E2}.Debug|Any CPU.ActiveCfg = Debug|Any CPU
		{DC4B9491-087C-4F1F-996F-17D079C372E2}.Debug|Any CPU.Build.0 = Debug|Any CPU
		{DC4B9491-087C-4F1F-996F-17D079C372E2}.Release|Any CPU.ActiveCfg = Release|Any CPU
		{DC4B9491-087C-4F1F-996F-17D079C372E2}.Release|Any CPU.Build.0 = Release|Any CPU
		{3ED9ED96-1F9C-49F4-BF6C-0BE1A688DB80}.Debug|Any CPU.ActiveCfg = Debug|Any CPU
		{3ED9ED96-1F9C-49F4-BF6C-0BE1A688DB80}.Debug|Any CPU.Build.0 = Debug|Any CPU
		{3ED9ED96-1F9C-49F4-BF6C-0BE1A688DB80}.Release|Any CPU.ActiveCfg = Release|Any CPU
		{3ED9ED96-1F9C-49F4-BF6C-0BE1A688DB80}.Release|Any CPU.Build.0 = Release|Any CPU
		{43DCCDCB-822C-4478-9A71-2C26432A7D69}.Debug|Any CPU.ActiveCfg = Debug|Any CPU
		{43DCCDCB-822C-4478-9A71-2C26432A7D69}.Debug|Any CPU.Build.0 = Debug|Any CPU
		{43DCCDCB-822C-4478-9A71-2C26432A7D69}.Release|Any CPU.ActiveCfg = Release|Any CPU
		{43DCCDCB-822C-4478-9A71-2C26432A7D69}.Release|Any CPU.Build.0 = Release|Any CPU
		{5742BB82-41CC-4F2D-8B35-C03CBA6F7511}.Debug|Any CPU.ActiveCfg = Debug|Any CPU
		{5742BB82-41CC-4F2D-8B35-C03CBA6F7511}.Debug|Any CPU.Build.0 = Debug|Any CPU
		{5742BB82-41CC-4F2D-8B35-C03CBA6F7511}.Release|Any CPU.ActiveCfg = Release|Any CPU
		{5742BB82-41CC-4F2D-8B35-C03CBA6F7511}.Release|Any CPU.Build.0 = Release|Any CPU
		{45BC426A-F315-42D6-9178-066C818A8124}.Debug|Any CPU.ActiveCfg = Debug|Any CPU
		{45BC426A-F315-42D6-9178-066C818A8124}.Debug|Any CPU.Build.0 = Debug|Any CPU
		{45BC426A-F315-42D6-9178-066C818A8124}.Release|Any CPU.ActiveCfg = Release|Any CPU
		{45BC426A-F315-42D6-9178-066C818A8124}.Release|Any CPU.Build.0 = Release|Any CPU
		{172DF45A-95A9-47C7-832E-0B07C9E7A61C}.Debug|Any CPU.ActiveCfg = Debug|Any CPU
		{172DF45A-95A9-47C7-832E-0B07C9E7A61C}.Debug|Any CPU.Build.0 = Debug|Any CPU
		{172DF45A-95A9-47C7-832E-0B07C9E7A61C}.Release|Any CPU.ActiveCfg = Release|Any CPU
		{172DF45A-95A9-47C7-832E-0B07C9E7A61C}.Release|Any CPU.Build.0 = Release|Any CPU
		{0CED075B-6E97-4E0A-A708-C8B1AA820147}.Debug|Any CPU.ActiveCfg = Debug|Any CPU
		{0CED075B-6E97-4E0A-A708-C8B1AA820147}.Debug|Any CPU.Build.0 = Debug|Any CPU
		{0CED075B-6E97-4E0A-A708-C8B1AA820147}.Release|Any CPU.ActiveCfg = Release|Any CPU
		{0CED075B-6E97-4E0A-A708-C8B1AA820147}.Release|Any CPU.Build.0 = Release|Any CPU
	EndGlobalSection
	GlobalSection(SolutionProperties) = preSolution
		HideSolutionNode = FALSE
	EndGlobalSection
	GlobalSection(NestedProjects) = preSolution
		{3ED9ED96-1F9C-49F4-BF6C-0BE1A688DB80} = {FAB60D21-DF4D-4ADE-92A2-77DC0913E341}
		{43DCCDCB-822C-4478-9A71-2C26432A7D69} = {63F8898D-3D5E-4C62-8386-0F1DE318D48E}
		{5742BB82-41CC-4F2D-8B35-C03CBA6F7511} = {FAB60D21-DF4D-4ADE-92A2-77DC0913E341}
		{45BC426A-F315-42D6-9178-066C818A8124} = {FAB60D21-DF4D-4ADE-92A2-77DC0913E341}
		{172DF45A-95A9-47C7-832E-0B07C9E7A61C} = {63F8898D-3D5E-4C62-8386-0F1DE318D48E}
	EndGlobalSection
	GlobalSection(ExtensibilityGlobals) = postSolution
		SolutionGuid = {F98A3897-532C-47A7-9008-D8580DF1993F}
	EndGlobalSection
EndGlobal
