
Microsoft Visual Studio Solution File, Format Version 12.00
# Visual Studio Version 17
VisualStudioVersion = 17.9.34622.214
MinimumVisualStudioVersion = 10.0.40219.1
Project("{9A19103F-16F7-4668-BE54-9A1E7A4F7556}") = "API", "BusReservationSystem\API.csproj", "{34CF233E-6301-4FE9-A768-2A7D5ED469E3}"
EndProject
Project("{E53339B2-1760-4266-BCC7-CA923CBCF16C}") = "docker-compose", "docker-compose.dcproj", "{2894ABA5-D37C-49B8-A609-8A66F28F374B}"
EndProject
Project("{2150E333-8FDC-42A3-9474-1A3956D46DE8}") = "CoreAPI", "CoreAPI", "{FAB60D21-DF4D-4ADE-92A2-77DC0913E341}"
EndProject
Project("{9A19103F-16F7-4668-BE54-9A1E7A4F7556}") = "AppCore", "AppCore\AppCore.csproj", "{15D4DA94-28EC-42AF-851E-0660BDBF07C3}"
EndProject
Project("{9A19103F-16F7-4668-BE54-9A1E7A4F7556}") = "TRS.Tests", "TRS.Tests\TRS.Tests.csproj", "{0AC47EA0-2623-4B19-8A44-FEA896FB13A9}"
EndProject
Global
	GlobalSection(SolutionConfigurationPlatforms) = preSolution
		Debug|Any CPU = Debug|Any CPU
		Release|Any CPU = Release|Any CPU
	EndGlobalSection
	GlobalSection(ProjectConfigurationPlatforms) = postSolution
		{34CF233E-6301-4FE9-A768-2A7D5ED469E3}.Debug|Any CPU.ActiveCfg = Debug|Any CPU
		{34CF233E-6301-4FE9-A768-2A7D5ED469E3}.Debug|Any CPU.Build.0 = Debug|Any CPU
		{34CF233E-6301-4FE9-A768-2A7D5ED469E3}.Release|Any CPU.ActiveCfg = Release|Any CPU
		{34CF233E-6301-4FE9-A768-2A7D5ED469E3}.Release|Any CPU.Build.0 = Release|Any CPU
		{2894ABA5-D37C-49B8-A609-8A66F28F374B}.Debug|Any CPU.ActiveCfg = Debug|Any CPU
		{2894ABA5-D37C-49B8-A609-8A66F28F374B}.Debug|Any CPU.Build.0 = Debug|Any CPU
		{2894ABA5-D37C-49B8-A609-8A66F28F374B}.Release|Any CPU.ActiveCfg = Release|Any CPU
		{2894ABA5-D37C-49B8-A609-8A66F28F374B}.Release|Any CPU.Build.0 = Release|Any CPU
		{15D4DA94-28EC-42AF-851E-0660BDBF07C3}.Debug|Any CPU.ActiveCfg = Debug|Any CPU
		{15D4DA94-28EC-42AF-851E-0660BDBF07C3}.Debug|Any CPU.Build.0 = Debug|Any CPU
		{15D4DA94-28EC-42AF-851E-0660BDBF07C3}.Release|Any CPU.ActiveCfg = Release|Any CPU
		{15D4DA94-28EC-42AF-851E-0660BDBF07C3}.Release|Any CPU.Build.0 = Release|Any CPU
		{0AC47EA0-2623-4B19-8A44-FEA896FB13A9}.Debug|Any CPU.ActiveCfg = Debug|Any CPU
		{0AC47EA0-2623-4B19-8A44-FEA896FB13A9}.Debug|Any CPU.Build.0 = Debug|Any CPU
		{0AC47EA0-2623-4B19-8A44-FEA896FB13A9}.Release|Any CPU.ActiveCfg = Release|Any CPU
		{0AC47EA0-2623-4B19-8A44-FEA896FB13A9}.Release|Any CPU.Build.0 = Release|Any CPU
	EndGlobalSection
	GlobalSection(SolutionProperties) = preSolution
		HideSolutionNode = FALSE
	EndGlobalSection
	GlobalSection(NestedProjects) = preSolution
		{34CF233E-6301-4FE9-A768-2A7D5ED469E3} = {FAB60D21-DF4D-4ADE-92A2-77DC0913E341}
		{15D4DA94-28EC-42AF-851E-0660BDBF07C3} = {FAB60D21-DF4D-4ADE-92A2-77DC0913E341}
		{0AC47EA0-2623-4B19-8A44-FEA896FB13A9} = {FAB60D21-DF4D-4ADE-92A2-77DC0913E341}
	EndGlobalSection
	GlobalSection(ExtensibilityGlobals) = postSolution
		SolutionGuid = {F98A3897-532C-47A7-9008-D8580DF1993F}
	EndGlobalSection
EndGlobal
